{
  "name": "history",
  "version": "5.0.0",
  "lockfileVersion": 1,
  "requires": true,
  "dependencies": {
    "@babel/runtime": {
      "version": "7.11.2",
      "resolved": "https://bnpm.byted.org/@babel/runtime/download/@babel/runtime-7.11.2.tgz",
      "integrity": "sha1-9UnBPHVMxAuHZEufqfCaapX+BzY=",
      "requires": {
        "regenerator-runtime": "^0.13.4"
      }
    },
    "regenerator-runtime": {
      "version": "0.13.7",
      "resolved": "https://bnpm.byted.org/regenerator-runtime/download/regenerator-runtime-0.13.7.tgz",
      "integrity": "sha1-ysLazIoepnX+qrrriugziYrkb1U="
    }
  }
}
